
Microsoft Visual Studio Solution File, Format Version 12.00
# Visual Studio Version 17
VisualStudioVersion = 17.14.36811.4
MinimumVisualStudioVersion = 10.0.40219.1
Project("{FAE04EC0-301F-11D3-BF4B-00C04F79EFBC}") = "ZombieSurvival", "ZombieSurvival\ZombieSurvival.csproj", "{7BDED4B1-C6BE-4CEF-B5B1-65F19393B9D9}"
EndProject
Global
	GlobalSection(SolutionConfigurationPlatforms) = preSolution
		Debug|Any CPU = Debug|Any CPU
		Release|Any CPU = Release|Any CPU
	EndGlobalSection
	GlobalSection(ProjectConfigurationPlatforms) = postSolution
		{7BDED4B1-C6BE-4CEF-B5B1-65F19393B9D9}.Debug|Any CPU.ActiveCfg = Debug|Any CPU
		{7BDED4B1-C6BE-4CEF-B5B1-65F19393B9D9}.Debug|Any CPU.Build.0 = Debug|Any CPU
		{7BDED4B1-C6BE-4CEF-B5B1-65F19393B9D9}.Release|Any CPU.ActiveCfg = Release|Any CPU
		{7BDED4B1-C6BE-4CEF-B5B1-65F19393B9D9}.Release|Any CPU.Build.0 = Release|Any CPU
	EndGlobalSection
	GlobalSection(SolutionProperties) = preSolution
		HideSolutionNode = FALSE
	EndGlobalSection
	GlobalSection(ExtensibilityGlobals) = postSolution
		SolutionGuid = {6065B19B-8DAB-43AE-839F-9B9C70B46073}
	EndGlobalSection
EndGlobal
