Microsoft Visual Studio Solution File, Format Version 12.00
# Visual Studio Version 17
VisualStudioVersion = 17.5.2.0
MinimumVisualStudioVersion = 10.0.40219.1
Project("{FAE04EC0-301F-11D3-BF4B-00C04F79EFBC}") = "ZombieSurvival", "ZombieSurvival.csproj", "{4650E054-3CD9-C3E8-6AA8-E0C995BFF606}"
EndProject
Global
	GlobalSection(SolutionConfigurationPlatforms) = preSolution
		Debug|Any CPU = Debug|Any CPU
		Release|Any CPU = Release|Any CPU
	EndGlobalSection
	GlobalSection(ProjectConfigurationPlatforms) = postSolution
		{4650E054-3CD9-C3E8-6AA8-E0C995BFF606}.Debug|Any CPU.ActiveCfg = Debug|Any CPU
		{4650E054-3CD9-C3E8-6AA8-E0C995BFF606}.Debug|Any CPU.Build.0 = Debug|Any CPU
		{4650E054-3CD9-C3E8-6AA8-E0C995BFF606}.Release|Any CPU.ActiveCfg = Release|Any CPU
		{4650E054-3CD9-C3E8-6AA8-E0C995BFF606}.Release|Any CPU.Build.0 = Release|Any CPU
	EndGlobalSection
	GlobalSection(SolutionProperties) = preSolution
		HideSolutionNode = FALSE
	EndGlobalSection
	GlobalSection(ExtensibilityGlobals) = postSolution
		SolutionGuid = {8DD4A42C-0607-4FD4-8C96-28BB92C5739E}
	EndGlobalSection
EndGlobal
